// !$*UTF8*$!
{
	archiveVersion = 1;
	classes = {
	};
	objectVersion = 52;
	objects = {

/* Begin PBXBuildFile section */
		F1A07FCE2665A37000113C02 /* AppDelegate.swift in Sources */ = {isa = PBXBuildFile; fileRef = F1A07FCD2665A37000113C02 /* AppDelegate.swift */; };
		F1A07FD02665A37000113C02 /* SceneDelegate.swift in Sources */ = {isa = PBXBuildFile; fileRef = F1A07FCF2665A37000113C02 /* SceneDelegate.swift */; };
		F1A07FD22665A37000113C02 /* ViewController.swift in Sources */ = {isa = PBXBuildFile; fileRef = F1A07FD12665A37000113C02 /* ViewController.swift */; };
		F1A07FD52665A37000113C02 /* Main.storyboard in Resources */ = {isa = PBXBuildFile; fileRef = F1A07FD32665A37000113C02 /* Main.storyboard */; };
		F1A07FD72665A37100113C02 /* Assets.xcassets in Resources */ = {isa = PBXBuildFile; fileRef = F1A07FD62665A37100113C02 /* Assets.xcassets */; };
		F1A07FDA2665A37100113C02 /* LaunchScreen.storyboard in Resources */ = {isa = PBXBuildFile; fileRef = F1A07FD82665A37100113C02 /* LaunchScreen.storyboard */; };
		F1A07FE52665A37100113C02 /* GRDBTestTests.swift in Sources */ = {isa = PBXBuildFile; fileRef = F1A07FE42665A37100113C02 /* GRDBTestTests.swift */; };
		F1A07FF02665A37100113C02 /* GRDBTestUITests.swift in Sources */ = {isa = PBXBuildFile; fileRef = F1A07FEF2665A37100113C02 /* GRDBTestUITests.swift */; };
		F1A07FFE2665A38100113C02 /* Persistence.swift in Sources */ = {isa = PBXBuildFile; fileRef = F1A07FFD2665A38100113C02 /* Persistence.swift */; };
		F1A080012665A3CB00113C02 /* GRDB in Frameworks */ = {isa = PBXBuildFile; productRef = F1A080002665A3CB00113C02 /* GRDB */; };
		F1A080032665A3E700113C02 /* input.json in Resources */ = {isa = PBXBuildFile; fileRef = F1A080022665A3E700113C02 /* input.json */; };
/* End PBXBuildFile section */

/* Begin PBXContainerItemProxy section */
		F1A07FE12665A37100113C02 /* PBXContainerItemProxy */ = {
			isa = PBXContainerItemProxy;
			containerPortal = F1A07FC22665A37000113C02 /* Project object */;
			proxyType = 1;
			remoteGlobalIDString = F1A07FC92665A37000113C02;
			remoteInfo = GRDBTest;
		};
		F1A07FEC2665A37100113C02 /* PBXContainerItemProxy */ = {
			isa = PBXContainerItemProxy;
			containerPortal = F1A07FC22665A37000113C02 /* Project object */;
			proxyType = 1;
			remoteGlobalIDString = F1A07FC92665A37000113C02;
			remoteInfo = GRDBTest;
		};
/* End PBXContainerItemProxy section */

/* Begin PBXFileReference section */
		F1A07FCA2665A37000113C02 /* GRDBTest.app */ = {isa = PBXFileReference; explicitFileType = wrapper.application; includeInIndex = 0; path = GRDBTest.app; sourceTree = BUILT_PRODUCTS_DIR; };
		F1A07FCD2665A37000113C02 /* AppDelegate.swift */ = {isa = PBXFileReference; lastKnownFileType = sourcecode.swift; path = AppDelegate.swift; sourceTree = "<group>"; };
		F1A07FCF2665A37000113C02 /* SceneDelegate.swift */ = {isa = PBXFileReference; lastKnownFileType = sourcecode.swift; path = SceneDelegate.swift; sourceTree = "<group>"; };
		F1A07FD12665A37000113C02 /* ViewController.swift */ = {isa = PBXFileReference; lastKnownFileType = sourcecode.swift; path = ViewController.swift; sourceTree = "<group>"; };
		F1A07FD42665A37000113C02 /* Base */ = {isa = PBXFileReference; lastKnownFileType = file.storyboard; name = Base; path = Base.lproj/Main.storyboard; sourceTree = "<group>"; };
		F1A07FD62665A37100113C02 /* Assets.xcassets */ = {isa = PBXFileReference; lastKnownFileType = folder.assetcatalog; path = Assets.xcassets; sourceTree = "<group>"; };
		F1A07FD92665A37100113C02 /* Base */ = {isa = PBXFileReference; lastKnownFileType = file.storyboard; name = Base; path = Base.lproj/LaunchScreen.storyboard; sourceTree = "<group>"; };
		F1A07FDB2665A37100113C02 /* Info.plist */ = {isa = PBXFileReference; lastKnownFileType = text.plist.xml; path = Info.plist; sourceTree = "<group>"; };
		F1A07FE02665A37100113C02 /* GRDBTestTests.xctest */ = {isa = PBXFileReference; explicitFileType = wrapper.cfbundle; includeInIndex = 0; path = GRDBTestTests.xctest; sourceTree = BUILT_PRODUCTS_DIR; };
		F1A07FE42665A37100113C02 /* GRDBTestTests.swift */ = {isa = PBXFileReference; lastKnownFileType = sourcecode.swift; path = GRDBTestTests.swift; sourceTree = "<group>"; };
		F1A07FE62665A37100113C02 /* Info.plist */ = {isa = PBXFileReference; lastKnownFileType = text.plist.xml; path = Info.plist; sourceTree = "<group>"; };
		F1A07FEB2665A37100113C02 /* GRDBTestUITests.xctest */ = {isa = PBXFileReference; explicitFileType = wrapper.cfbundle; includeInIndex = 0; path = GRDBTestUITests.xctest; sourceTree = BUILT_PRODUCTS_DIR; };
		F1A07FEF2665A37100113C02 /* GRDBTestUITests.swift */ = {isa = PBXFileReference; lastKnownFileType = sourcecode.swift; path = GRDBTestUITests.swift; sourceTree = "<group>"; };
		F1A07FF12665A37100113C02 /* Info.plist */ = {isa = PBXFileReference; lastKnownFileType = text.plist.xml; path = Info.plist; sourceTree = "<group>"; };
		F1A07FFD2665A38100113C02 /* Persistence.swift */ = {isa = PBXFileReference; fileEncoding = 4; lastKnownFileType = sourcecode.swift; path = Persistence.swift; sourceTree = "<group>"; };
		F1A080022665A3E700113C02 /* input.json */ = {isa = PBXFileReference; fileEncoding = 4; lastKnownFileType = text.json; path = input.json; sourceTree = "<group>"; };
/* End PBXFileReference section */

/* Begin PBXFrameworksBuildPhase section */
		F1A07FC72665A37000113C02 /* Frameworks */ = {
			isa = PBXFrameworksBuildPhase;
			buildActionMask = 2147483647;
			files = (
				F1A080012665A3CB00113C02 /* GRDB in Frameworks */,
			);
			runOnlyForDeploymentPostprocessing = 0;
		};
		F1A07FDD2665A37100113C02 /* Frameworks */ = {
			isa = PBXFrameworksBuildPhase;
			buildActionMask = 2147483647;
			files = (
			);
			runOnlyForDeploymentPostprocessing = 0;
		};
		F1A07FE82665A37100113C02 /* Frameworks */ = {
			isa = PBXFrameworksBuildPhase;
			buildActionMask = 2147483647;
			files = (
			);
			runOnlyForDeploymentPostprocessing = 0;
		};
/* End PBXFrameworksBuildPhase section */

/* Begin PBXGroup section */
		F1A07FC12665A37000113C02 = {
			isa = PBXGroup;
			children = (
				F1A07FCC2665A37000113C02 /* GRDBTest */,
				F1A07FE32665A37100113C02 /* GRDBTestTests */,
				F1A07FEE2665A37100113C02 /* GRDBTestUITests */,
				F1A07FCB2665A37000113C02 /* Products */,
			);
			sourceTree = "<group>";
		};
		F1A07FCB2665A37000113C02 /* Products */ = {
			isa = PBXGroup;
			children = (
				F1A07FCA2665A37000113C02 /* GRDBTest.app */,
				F1A07FE02665A37100113C02 /* GRDBTestTests.xctest */,
				F1A07FEB2665A37100113C02 /* GRDBTestUITests.xctest */,
			);
			name = Products;
			sourceTree = "<group>";
		};
		F1A07FCC2665A37000113C02 /* GRDBTest */ = {
			isa = PBXGroup;
			children = (
				F1A07FCD2665A37000113C02 /* AppDelegate.swift */,
				F1A07FCF2665A37000113C02 /* SceneDelegate.swift */,
				F1A07FFD2665A38100113C02 /* Persistence.swift */,
				F1A07FD12665A37000113C02 /* ViewController.swift */,
				F1A080022665A3E700113C02 /* input.json */,
				F1A07FD32665A37000113C02 /* Main.storyboard */,
				F1A07FD62665A37100113C02 /* Assets.xcassets */,
				F1A07FD82665A37100113C02 /* LaunchScreen.storyboard */,
				F1A07FDB2665A37100113C02 /* Info.plist */,
			);
			path = GRDBTest;
			sourceTree = "<group>";
		};
		F1A07FE32665A37100113C02 /* GRDBTestTests */ = {
			isa = PBXGroup;
			children = (
				F1A07FE42665A37100113C02 /* GRDBTestTests.swift */,
				F1A07FE62665A37100113C02 /* Info.plist */,
			);
			path = GRDBTestTests;
			sourceTree = "<group>";
		};
		F1A07FEE2665A37100113C02 /* GRDBTestUITests */ = {
			isa = PBXGroup;
			children = (
				F1A07FEF2665A37100113C02 /* GRDBTestUITests.swift */,
				F1A07FF12665A37100113C02 /* Info.plist */,
			);
			path = GRDBTestUITests;
			sourceTree = "<group>";
		};
/* End PBXGroup section */

/* Begin PBXNativeTarget section */
		F1A07FC92665A37000113C02 /* GRDBTest */ = {
			isa = PBXNativeTarget;
			buildConfigurationList = F1A07FF42665A37100113C02 /* Build configuration list for PBXNativeTarget "GRDBTest" */;
			buildPhases = (
				F1A07FC62665A37000113C02 /* Sources */,
				F1A07FC72665A37000113C02 /* Frameworks */,
				F1A07FC82665A37000113C02 /* Resources */,
			);
			buildRules = (
			);
			dependencies = (
			);
			name = GRDBTest;
			packageProductDependencies = (
				F1A080002665A3CB00113C02 /* GRDB */,
			);
			productName = GRDBTest;
			productReference = F1A07FCA2665A37000113C02 /* GRDBTest.app */;
			productType = "com.apple.product-type.application";
		};
		F1A07FDF2665A37100113C02 /* GRDBTestTests */ = {
			isa = PBXNativeTarget;
			buildConfigurationList = F1A07FF72665A37100113C02 /* Build configuration list for PBXNativeTarget "GRDBTestTests" */;
			buildPhases = (
				F1A07FDC2665A37100113C02 /* Sources */,
				F1A07FDD2665A37100113C02 /* Frameworks */,
				F1A07FDE2665A37100113C02 /* Resources */,
			);
			buildRules = (
			);
			dependencies = (
				F1A07FE22665A37100113C02 /* PBXTargetDependency */,
			);
			name = GRDBTestTests;
			productName = GRDBTestTests;
			productReference = F1A07FE02665A37100113C02 /* GRDBTestTests.xctest */;
			productType = "com.apple.product-type.bundle.unit-test";
		};
		F1A07FEA2665A37100113C02 /* GRDBTestUITests */ = {
			isa = PBXNativeTarget;
			buildConfigurationList = F1A07FFA2665A37100113C02 /* Build configuration list for PBXNativeTarget "GRDBTestUITests" */;
			buildPhases = (
				F1A07FE72665A37100113C02 /* Sources */,
				F1A07FE82665A37100113C02 /* Frameworks */,
				F1A07FE92665A37100113C02 /* Resources */,
			);
			buildRules = (
			);
			dependencies = (
				F1A07FED2665A37100113C02 /* PBXTargetDependency */,
			);
			name = GRDBTestUITests;
			productName = GRDBTestUITests;
			productReference = F1A07FEB2665A37100113C02 /* GRDBTestUITests.xctest */;
			productType = "com.apple.product-type.bundle.ui-testing";
		};
/* End PBXNativeTarget section */

/* Begin PBXProject section */
		F1A07FC22665A37000113C02 /* Project object */ = {
			isa = PBXProject;
			attributes = {
				LastSwiftUpdateCheck = 1250;
				LastUpgradeCheck = 1250;
				TargetAttributes = {
					F1A07FC92665A37000113C02 = {
						CreatedOnToolsVersion = 12.5;
					};
					F1A07FDF2665A37100113C02 = {
						CreatedOnToolsVersion = 12.5;
						TestTargetID = F1A07FC92665A37000113C02;
					};
					F1A07FEA2665A37100113C02 = {
						CreatedOnToolsVersion = 12.5;
						TestTargetID = F1A07FC92665A37000113C02;
					};
				};
			};
			buildConfigurationList = F1A07FC52665A37000113C02 /* Build configuration list for PBXProject "GRDBTest" */;
			compatibilityVersion = "Xcode 9.3";
			developmentRegion = en;
			hasScannedForEncodings = 0;
			knownRegions = (
				en,
				Base,
			);
			mainGroup = F1A07FC12665A37000113C02;
			packageReferences = (
				F1A07FFF2665A3CB00113C02 /* XCRemoteSwiftPackageReference "GRDB.swift" */,
			);
			productRefGroup = F1A07FCB2665A37000113C02 /* Products */;
			projectDirPath = "";
			projectRoot = "";
			targets = (
				F1A07FC92665A37000113C02 /* GRDBTest */,
				F1A07FDF2665A37100113C02 /* GRDBTestTests */,
				F1A07FEA2665A37100113C02 /* GRDBTestUITests */,
			);
		};
/* End PBXProject section */

/* Begin PBXResourcesBuildPhase section */
		F1A07FC82665A37000113C02 /* Resources */ = {
			isa = PBXResourcesBuildPhase;
			buildActionMask = 2147483647;
			files = (
				F1A07FDA2665A37100113C02 /* LaunchScreen.storyboard in Resources */,
				F1A07FD72665A37100113C02 /* Assets.xcassets in Resources */,
				F1A080032665A3E700113C02 /* input.json in Resources */,
				F1A07FD52665A37000113C02 /* Main.storyboard in Resources */,
			);
			runOnlyForDeploymentPostprocessing = 0;
		};
		F1A07FDE2665A37100113C02 /* Resources */ = {
			isa = PBXResourcesBuildPhase;
			buildActionMask = 2147483647;
			files = (
			);
			runOnlyForDeploymentPostprocessing = 0;
		};
		F1A07FE92665A37100113C02 /* Resources */ = {
			isa = PBXResourcesBuildPhase;
			buildActionMask = 2147483647;
			files = (
			);
			runOnlyForDeploymentPostprocessing = 0;
		};
/* End PBXResourcesBuildPhase section */

/* Begin PBXSourcesBuildPhase section */
		F1A07FC62665A37000113C02 /* Sources */ = {
			isa = PBXSourcesBuildPhase;
			buildActionMask = 2147483647;
			files = (
				F1A07FD22665A37000113C02 /* ViewController.swift in Sources */,
				F1A07FFE2665A38100113C02 /* Persistence.swift in Sources */,
				F1A07FCE2665A37000113C02 /* AppDelegate.swift in Sources */,
				F1A07FD02665A37000113C02 /* SceneDelegate.swift in Sources */,
			);
			runOnlyForDeploymentPostprocessing = 0;
		};
		F1A07FDC2665A37100113C02 /* Sources */ = {
			isa = PBXSourcesBuildPhase;
			buildActionMask = 2147483647;
			files = (
				F1A07FE52665A37100113C02 /* GRDBTestTests.swift in Sources */,
			);
			runOnlyForDeploymentPostprocessing = 0;
		};
		F1A07FE72665A37100113C02 /* Sources */ = {
			isa = PBXSourcesBuildPhase;
			buildActionMask = 2147483647;
			files = (
				F1A07FF02665A37100113C02 /* GRDBTestUITests.swift in Sources */,
			);
			runOnlyForDeploymentPostprocessing = 0;
		};
/* End PBXSourcesBuildPhase section */

/* Begin PBXTargetDependency section */
		F1A07FE22665A37100113C02 /* PBXTargetDependency */ = {
			isa = PBXTargetDependency;
			target = F1A07FC92665A37000113C02 /* GRDBTest */;
			targetProxy = F1A07FE12665A37100113C02 /* PBXContainerItemProxy */;
		};
		F1A07FED2665A37100113C02 /* PBXTargetDependency */ = {
			isa = PBXTargetDependency;
			target = F1A07FC92665A37000113C02 /* GRDBTest */;
			targetProxy = F1A07FEC2665A37100113C02 /* PBXContainerItemProxy */;
		};
/* End PBXTargetDependency section */

/* Begin PBXVariantGroup section */
		F1A07FD32665A37000113C02 /* Main.storyboard */ = {
			isa = PBXVariantGroup;
			children = (
				F1A07FD42665A37000113C02 /* Base */,
			);
			name = Main.storyboard;
			sourceTree = "<group>";
		};
		F1A07FD82665A37100113C02 /* LaunchScreen.storyboard */ = {
			isa = PBXVariantGroup;
			children = (
				F1A07FD92665A37100113C02 /* Base */,
			);
			name = LaunchScreen.storyboard;
			sourceTree = "<group>";
		};
/* End PBXVariantGroup section */

/* Begin XCBuildConfiguration section */
		F1A07FF22665A37100113C02 /* Debug */ = {
			isa = XCBuildConfiguration;
			buildSettings = {
				ALWAYS_SEARCH_USER_PATHS = NO;
				CLANG_ANALYZER_NONNULL = YES;
				CLANG_ANALYZER_NUMBER_OBJECT_CONVERSION = YES_AGGRESSIVE;
				CLANG_CXX_LANGUAGE_STANDARD = "gnu++14";
				CLANG_CXX_LIBRARY = "libc++";
				CLANG_ENABLE_MODULES = YES;
				CLANG_ENABLE_OBJC_ARC = YES;
				CLANG_ENABLE_OBJC_WEAK = YES;
				CLANG_WARN_BLOCK_CAPTURE_AUTORELEASING = YES;
				CLANG_WARN_BOOL_CONVERSION = YES;
				CLANG_WARN_COMMA = YES;
				CLANG_WARN_CONSTANT_CONVERSION = YES;
				CLANG_WARN_DEPRECATED_OBJC_IMPLEMENTATIONS = YES;
				CLANG_WARN_DIRECT_OBJC_ISA_USAGE = YES_ERROR;
				CLANG_WARN_DOCUMENTATION_COMMENTS = YES;
				CLANG_WARN_EMPTY_BODY = YES;
				CLANG_WARN_ENUM_CONVERSION = YES;
				CLANG_WARN_INFINITE_RECURSION = YES;
				CLANG_WARN_INT_CONVERSION = YES;
				CLANG_WARN_NON_LITERAL_NULL_CONVERSION = YES;
				CLANG_WARN_OBJC_IMPLICIT_RETAIN_SELF = YES;
				CLANG_WARN_OBJC_LITERAL_CONVERSION = YES;
				CLANG_WARN_OBJC_ROOT_CLASS = YES_ERROR;
				CLANG_WARN_QUOTED_INCLUDE_IN_FRAMEWORK_HEADER = YES;
				CLANG_WARN_RANGE_LOOP_ANALYSIS = YES;
				CLANG_WARN_STRICT_PROTOTYPES = YES;
				CLANG_WARN_SUSPICIOUS_MOVE = YES;
				CLANG_WARN_UNGUARDED_AVAILABILITY = YES_AGGRESSIVE;
				CLANG_WARN_UNREACHABLE_CODE = YES;
				CLANG_WARN__DUPLICATE_METHOD_MATCH = YES;
				COPY_PHASE_STRIP = NO;
				DEBUG_INFORMATION_FORMAT = dwarf;
				ENABLE_STRICT_OBJC_MSGSEND = YES;
				ENABLE_TESTABILITY = YES;
				GCC_C_LANGUAGE_STANDARD = gnu11;
				GCC_DYNAMIC_NO_PIC = NO;
				GCC_NO_COMMON_BLOCKS = YES;
				GCC_OPTIMIZATION_LEVEL = 0;
				GCC_PREPROCESSOR_DEFINITIONS = (
					"DEBUG=1",
					"$(inherited)",
				);
				GCC_WARN_64_TO_32_BIT_CONVERSION = YES;
				GCC_WARN_ABOUT_RETURN_TYPE = YES_ERROR;
				GCC_WARN_UNDECLARED_SELECTOR = YES;
				GCC_WARN_UNINITIALIZED_AUTOS = YES_AGGRESSIVE;
				GCC_WARN_UNUSED_FUNCTION = YES;
				GCC_WARN_UNUSED_VARIABLE = YES;
				IPHONEOS_DEPLOYMENT_TARGET = 14.5;
				MTL_ENABLE_DEBUG_INFO = INCLUDE_SOURCE;
				MTL_FAST_MATH = YES;
				ONLY_ACTIVE_ARCH = YES;
				SDKROOT = iphoneos;
				SWIFT_ACTIVE_COMPILATION_CONDITIONS = DEBUG;
				SWIFT_OPTIMIZATION_LEVEL = "-Onone";
			};
			name = Debug;
		};
		F1A07FF32665A37100113C02 /* Release */ = {
			isa = XCBuildConfiguration;
			buildSettings = {
				ALWAYS_SEARCH_USER_PATHS = NO;
				CLANG_ANALYZER_NONNULL = YES;
				CLANG_ANALYZER_NUMBER_OBJECT_CONVERSION = YES_AGGRESSIVE;
				CLANG_CXX_LANGUAGE_STANDARD = "gnu++14";
				CLANG_CXX_LIBRARY = "libc++";
				CLANG_ENABLE_MODULES = YES;
				CLANG_ENABLE_OBJC_ARC = YES;
				CLANG_ENABLE_OBJC_WEAK = YES;
				CLANG_WARN_BLOCK_CAPTURE_AUTORELEASING = YES;
				CLANG_WARN_BOOL_CONVERSION = YES;
				CLANG_WARN_COMMA = YES;
				CLANG_WARN_CONSTANT_CONVERSION = YES;
				CLANG_WARN_DEPRECATED_OBJC_IMPLEMENTATIONS = YES;
				CLANG_WARN_DIRECT_OBJC_ISA_USAGE = YES_ERROR;
				CLANG_WARN_DOCUMENTATION_COMMENTS = YES;
				CLANG_WARN_EMPTY_BODY = YES;
				CLANG_WARN_ENUM_CONVERSION = YES;
				CLANG_WARN_INFINITE_RECURSION = YES;
				CLANG_WARN_INT_CONVERSION = YES;
				CLANG_WARN_NON_LITERAL_NULL_CONVERSION = YES;
				CLANG_WARN_OBJC_IMPLICIT_RETAIN_SELF = YES;
				CLANG_WARN_OBJC_LITERAL_CONVERSION = YES;
				CLANG_WARN_OBJC_ROOT_CLASS = YES_ERROR;
				CLANG_WARN_QUOTED_INCLUDE_IN_FRAMEWORK_HEADER = YES;
				CLANG_WARN_RANGE_LOOP_ANALYSIS = YES;
				CLANG_WARN_STRICT_PROTOTYPES = YES;
				CLANG_WARN_SUSPICIOUS_MOVE = YES;
				CLANG_WARN_UNGUARDED_AVAILABILITY = YES_AGGRESSIVE;
				CLANG_WARN_UNREACHABLE_CODE = YES;
				CLANG_WARN__DUPLICATE_METHOD_MATCH = YES;
				COPY_PHASE_STRIP = NO;
				DEBUG_INFORMATION_FORMAT = "dwarf-with-dsym";
				ENABLE_NS_ASSERTIONS = NO;
				ENABLE_STRICT_OBJC_MSGSEND = YES;
				GCC_C_LANGUAGE_STANDARD = gnu11;
				GCC_NO_COMMON_BLOCKS = YES;
				GCC_WARN_64_TO_32_BIT_CONVERSION = YES;
				GCC_WARN_ABOUT_RETURN_TYPE = YES_ERROR;
				GCC_WARN_UNDECLARED_SELECTOR = YES;
				GCC_WARN_UNINITIALIZED_AUTOS = YES_AGGRESSIVE;
				GCC_WARN_UNUSED_FUNCTION = YES;
				GCC_WARN_UNUSED_VARIABLE = YES;
				IPHONEOS_DEPLOYMENT_TARGET = 14.5;
				MTL_ENABLE_DEBUG_INFO = NO;
				MTL_FAST_MATH = YES;
				SDKROOT = iphoneos;
				SWIFT_COMPILATION_MODE = wholemodule;
				SWIFT_OPTIMIZATION_LEVEL = "-O";
				VALIDATE_PRODUCT = YES;
			};
			name = Release;
		};
		F1A07FF52665A37100113C02 /* Debug */ = {
			isa = XCBuildConfiguration;
			buildSettings = {
				ASSETCATALOG_COMPILER_APPICON_NAME = AppIcon;
				ASSETCATALOG_COMPILER_GLOBAL_ACCENT_COLOR_NAME = AccentColor;
				CODE_SIGN_STYLE = Automatic;
				DEVELOPMENT_TEAM = "";
				INFOPLIST_FILE = GRDBTest/Info.plist;
				IPHONEOS_DEPLOYMENT_TARGET = 13.0;
				LD_RUNPATH_SEARCH_PATHS = (
					"$(inherited)",
					"@executable_path/Frameworks",
				);
				PRODUCT_BUNDLE_IDENTIFIER = com.christianselig.GRDBTest;
				PRODUCT_NAME = "$(TARGET_NAME)";
				SWIFT_VERSION = 5.0;
				TARGETED_DEVICE_FAMILY = "1,2";
			};
			name = Debug;
		};
		F1A07FF62665A37100113C02 /* Release */ = {
			isa = XCBuildConfiguration;
			buildSettings = {
				ASSETCATALOG_COMPILER_APPICON_NAME = AppIcon;
				ASSETCATALOG_COMPILER_GLOBAL_ACCENT_COLOR_NAME = AccentColor;
				CODE_SIGN_STYLE = Automatic;
				DEVELOPMENT_TEAM = "";
				INFOPLIST_FILE = GRDBTest/Info.plist;
				IPHONEOS_DEPLOYMENT_TARGET = 13.0;
				LD_RUNPATH_SEARCH_PATHS = (
					"$(inherited)",
					"@executable_path/Frameworks",
				);
				PRODUCT_BUNDLE_IDENTIFIER = com.christianselig.GRDBTest;
				PRODUCT_NAME = "$(TARGET_NAME)";
				SWIFT_VERSION = 5.0;
				TARGETED_DEVICE_FAMILY = "1,2";
			};
			name = Release;
		};
		F1A07FF82665A37100113C02 /* Debug */ = {
			isa = XCBuildConfiguration;
			buildSettings = {
				ALWAYS_EMBED_SWIFT_STANDARD_LIBRARIES = YES;
				BUNDLE_LOADER = "$(TEST_HOST)";
				CODE_SIGN_STYLE = Automatic;
				DEVELOPMENT_TEAM = XG3L8T56DK;
				INFOPLIST_FILE = GRDBTestTests/Info.plist;
				IPHONEOS_DEPLOYMENT_TARGET = 14.5;
				LD_RUNPATH_SEARCH_PATHS = (
					"$(inherited)",
					"@executable_path/Frameworks",
					"@loader_path/Frameworks",
				);
				PRODUCT_BUNDLE_IDENTIFIER = com.christianselig.GRDBTestTests;
				PRODUCT_NAME = "$(TARGET_NAME)";
				SWIFT_VERSION = 5.0;
				TARGETED_DEVICE_FAMILY = "1,2";
				TEST_HOST = "$(BUILT_PRODUCTS_DIR)/GRDBTest.app/GRDBTest";
			};
			name = Debug;
		};
		F1A07FF92665A37100113C02 /* Release */ = {
			isa = XCBuildConfiguration;
			buildSettings = {
				ALWAYS_EMBED_SWIFT_STANDARD_LIBRARIES = YES;
				BUNDLE_LOADER = "$(TEST_HOST)";
				CODE_SIGN_STYLE = Automatic;
				DEVELOPMENT_TEAM = XG3L8T56DK;
				INFOPLIST_FILE = GRDBTestTests/Info.plist;
				IPHONEOS_DEPLOYMENT_TARGET = 14.5;
				LD_RUNPATH_SEARCH_PATHS = (
					"$(inherited)",
					"@executable_path/Frameworks",
					"@loader_path/Frameworks",
				);
				PRODUCT_BUNDLE_IDENTIFIER = com.christianselig.GRDBTestTests;
				PRODUCT_NAME = "$(TARGET_NAME)";
				SWIFT_VERSION = 5.0;
				TARGETED_DEVICE_FAMILY = "1,2";
				TEST_HOST = "$(BUILT_PRODUCTS_DIR)/GRDBTest.app/GRDBTest";
			};
			name = Release;
		};
		F1A07FFB2665A37100113C02 /* Debug */ = {
			isa = XCBuildConfiguration;
			buildSettings = {
				ALWAYS_EMBED_SWIFT_STANDARD_LIBRARIES = YES;
				CODE_SIGN_STYLE = Automatic;
				DEVELOPMENT_TEAM = XG3L8T56DK;
				INFOPLIST_FILE = GRDBTestUITests/Info.plist;
				LD_RUNPATH_SEARCH_PATHS = (
					"$(inherited)",
					"@executable_path/Frameworks",
					"@loader_path/Frameworks",
				);
				PRODUCT_BUNDLE_IDENTIFIER = com.christianselig.GRDBTestUITests;
				PRODUCT_NAME = "$(TARGET_NAME)";
				SWIFT_VERSION = 5.0;
				TARGETED_DEVICE_FAMILY = "1,2";
				TEST_TARGET_NAME = GRDBTest;
			};
			name = Debug;
		};
		F1A07FFC2665A37100113C02 /* Release */ = {
			isa = XCBuildConfiguration;
			buildSettings = {
				ALWAYS_EMBED_SWIFT_STANDARD_LIBRARIES = YES;
				CODE_SIGN_STYLE = Automatic;
				DEVELOPMENT_TEAM = XG3L8T56DK;
				INFOPLIST_FILE = GRDBTestUITests/Info.plist;
				LD_RUNPATH_SEARCH_PATHS = (
					"$(inherited)",
					"@executable_path/Frameworks",
					"@loader_path/Frameworks",
				);
				PRODUCT_BUNDLE_IDENTIFIER = com.christianselig.GRDBTestUITests;
				PRODUCT_NAME = "$(TARGET_NAME)";
				SWIFT_VERSION = 5.0;
				TARGETED_DEVICE_FAMILY = "1,2";
				TEST_TARGET_NAME = GRDBTest;
			};
			name = Release;
		};
/* End XCBuildConfiguration section */

/* Begin XCConfigurationList section */
		F1A07FC52665A37000113C02 /* Build configuration list for PBXProject "GRDBTest" */ = {
			isa = XCConfigurationList;
			buildConfigurations = (
				F1A07FF22665A37100113C02 /* Debug */,
				F1A07FF32665A37100113C02 /* Release */,
			);
			defaultConfigurationIsVisible = 0;
			defaultConfigurationName = Release;
		};
		F1A07FF42665A37100113C02 /* Build configuration list for PBXNativeTarget "GRDBTest" */ = {
			isa = XCConfigurationList;
			buildConfigurations = (
				F1A07FF52665A37100113C02 /* Debug */,
				F1A07FF62665A37100113C02 /* Release */,
			);
			defaultConfigurationIsVisible = 0;
			defaultConfigurationName = Release;
		};
		F1A07FF72665A37100113C02 /* Build configuration list for PBXNativeTarget "GRDBTestTests" */ = {
			isa = XCConfigurationList;
			buildConfigurations = (
				F1A07FF82665A37100113C02 /* Debug */,
				F1A07FF92665A37100113C02 /* Release */,
			);
			defaultConfigurationIsVisible = 0;
			defaultConfigurationName = Release;
		};
		F1A07FFA2665A37100113C02 /* Build configuration list for PBXNativeTarget "GRDBTestUITests" */ = {
			isa = XCConfigurationList;
			buildConfigurations = (
				F1A07FFB2665A37100113C02 /* Debug */,
				F1A07FFC2665A37100113C02 /* Release */,
			);
			defaultConfigurationIsVisible = 0;
			defaultConfigurationName = Release;
		};
/* End XCConfigurationList section */

/* Begin XCRemoteSwiftPackageReference section */
		F1A07FFF2665A3CB00113C02 /* XCRemoteSwiftPackageReference "GRDB.swift" */ = {
			isa = XCRemoteSwiftPackageReference;
			repositoryURL = "https://github.com/groue/GRDB.swift.git";
			requirement = {
				kind = upToNextMajorVersion;
				minimumVersion = 5.8.0;
			};
		};
/* End XCRemoteSwiftPackageReference section */

/* Begin XCSwiftPackageProductDependency section */
		F1A080002665A3CB00113C02 /* GRDB */ = {
			isa = XCSwiftPackageProductDependency;
			package = F1A07FFF2665A3CB00113C02 /* XCRemoteSwiftPackageReference "GRDB.swift" */;
			productName = GRDB;
		};
/* End XCSwiftPackageProductDependency section */
	};
	rootObject = F1A07FC22665A37000113C02 /* Project object */;
}
